
Microsoft Visual Studio Solution File, Format Version 12.00
# Visual Studio 2013
VisualStudioVersion = 12.0.30324.0
MinimumVisualStudioVersion = 10.0.40219.1
Project("{FAE04EC0-301F-11D3-BF4B-00C04F79EFBC}") = "MoveObjectWpf", "MoveObjectWpf\MoveObjectWpf.csproj", "{4831DCF9-2CCF-4D39-B63D-2433BC7AC073}"
EndProject
Project("{FAE04EC0-301F-11D3-BF4B-00C04F79EFBC}") = "MoveOptimization", "MoveOptimization\MoveOptimization.csproj", "{C37C53BF-A3D7-4125-9F94-C3FE0B6EA8EB}"
	ProjectSection(ProjectDependencies) = postProject
		{4831DCF9-2CCF-4D39-B63D-2433BC7AC073} = {4831DCF9-2CCF-4D39-B63D-2433BC7AC073}
	EndProjectSection
EndProject
Global
	GlobalSection(SolutionConfigurationPlatforms) = preSolution
		Debug|Any CPU = Debug|Any CPU
		Release|Any CPU = Release|Any CPU
	EndGlobalSection
	GlobalSection(ProjectConfigurationPlatforms) = postSolution
		{4831DCF9-2CCF-4D39-B63D-2433BC7AC073}.Debug|Any CPU.ActiveCfg = Debug|Any CPU
		{4831DCF9-2CCF-4D39-B63D-2433BC7AC073}.Debug|Any CPU.Build.0 = Debug|Any CPU
		{4831DCF9-2CCF-4D39-B63D-2433BC7AC073}.Release|Any CPU.ActiveCfg = Release|Any CPU
		{4831DCF9-2CCF-4D39-B63D-2433BC7AC073}.Release|Any CPU.Build.0 = Release|Any CPU
		{C37C53BF-A3D7-4125-9F94-C3FE0B6EA8EB}.Debug|Any CPU.ActiveCfg = Debug|Any CPU
		{C37C53BF-A3D7-4125-9F94-C3FE0B6EA8EB}.Debug|Any CPU.Build.0 = Debug|Any CPU
		{C37C53BF-A3D7-4125-9F94-C3FE0B6EA8EB}.Release|Any CPU.ActiveCfg = Release|Any CPU
		{C37C53BF-A3D7-4125-9F94-C3FE0B6EA8EB}.Release|Any CPU.Build.0 = Release|Any CPU
	EndGlobalSection
	GlobalSection(SolutionProperties) = preSolution
		HideSolutionNode = FALSE
	EndGlobalSection
EndGlobal
